PODS:
  - Alamofire (4.4.0)
  - Firebase/Auth (4.0.0):
    - Firebase/Core
    - FirebaseAuth (= 4.0.0)
  - Firebase/Core (4.0.0):
    - FirebaseAnalytics (= 4.0.0)
    - FirebaseCore (= 4.0.0)
  - Firebase/Database (4.0.0):
    - Firebase/Core
    - FirebaseDatabase (= 4.0.0)
  - Firebase/DynamicLinks (4.0.0):
    - Firebase/Core
    - FirebaseDynamicLinks (= 2.0.0)
  - Firebase/Messaging (4.0.0):
    - Firebase/Core
    - FirebaseMessaging (= 2.0.0)
  - Firebase/Storage (4.0.0):
    - Firebase/Core
    - FirebaseStorage (= 2.0.0)
  - FirebaseAnalytics (4.0.0):
    - FirebaseCore (~> 4.0)
    - FirebaseInstanceID (~> 2.0)
    - GoogleToolboxForMac/NSData+zlib (~> 2.1)
  - FirebaseAuth (4.0.0):
    - FirebaseAnalytics (~> 4.0)
    - GoogleToolboxForMac/NSDictionary+URLArguments (~> 2.1)
    - GTMSessionFetcher/Core (~> 1.1)
  - FirebaseCore (4.0.0):
    - GoogleToolboxForMac/NSData+zlib (~> 2.1)
  - FirebaseDatabase (4.0.0):
    - FirebaseAnalytics (~> 4.0)
  - FirebaseDynamicLinks (2.0.0):
    - FirebaseAnalytics (~> 4.0)
  - FirebaseInstanceID (2.0.0):
    - FirebaseCore (~> 4.0)
  - FirebaseMessaging (2.0.0):
    - FirebaseAnalytics (~> 4.0)
    - FirebaseCore (~> 4.0)
    - FirebaseInstanceID (~> 2.0)
    - GoogleToolboxForMac/Logger (~> 2.1)
    - Protobuf (~> 3.1)
  - FirebaseStorage (2.0.0):
    - FirebaseAnalytics (~> 4.0)
    - FirebaseCore (~> 4.0)
    - GTMSessionFetcher/Core (~> 1.1)
  - Gloss (1.2.4)
  - GoogleToolboxForMac/DebugUtils (2.1.1):
    - GoogleToolboxForMac/Defines (= 2.1.1)
  - GoogleToolboxForMac/Defines (2.1.1)
  - GoogleToolboxForMac/Logger (2.1.1):
    - GoogleToolboxForMac/Defines (= 2.1.1)
  - GoogleToolboxForMac/NSData+zlib (2.1.1):
    - GoogleToolboxForMac/Defines (= 2.1.1)
  - GoogleToolboxForMac/NSDictionary+URLArguments (2.1.1):
    - GoogleToolboxForMac/DebugUtils (= 2.1.1)
    - GoogleToolboxForMac/Defines (= 2.1.1)
    - GoogleToolboxForMac/NSString+URLArguments (= 2.1.1)
  - GoogleToolboxForMac/NSString+URLArguments (2.1.1)
  - GreedoLayout (1.2.0)
  - GTMSessionFetcher/Core (1.1.10)
  - Hero (0.3.6)
  - Kingfisher (3.9.1)
  - PKHUD (4.2.2)
  - pop (1.0.9)
  - Protobuf (3.3.0)
  - Realm (2.7.0):
    - Realm/Headers (= 2.7.0)
  - Realm/Headers (2.7.0)
  - RealmSwift (2.7.0):
    - Realm (= 2.7.0)
  - Result (3.2.2)
  - RxCocoa (3.4.1):
    - RxSwift (~> 3.4)
  - RxSwift (3.4.1)

DEPENDENCIES:
  - Alamofire
  - Firebase/Auth
  - Firebase/Core
  - Firebase/Database
  - Firebase/DynamicLinks
  - Firebase/Messaging
  - Firebase/Storage
  - Gloss
  - GreedoLayout
  - Hero
  - Kingfisher (~> 3.0)
  - PKHUD (~> 4.0)
  - pop (~> 1.0)
  - RealmSwift
  - Result
  - RxCocoa (~> 3.0)
  - RxSwift (~> 3.0)

SPEC CHECKSUMS:
  Alamofire: dc44b1600b800eb63da6a19039a0083d62a6a62d
  Firebase: 284eea779b73fdff309791817da7c68bff8dd572
  FirebaseAnalytics: 6f08e746f7d66f5452931bc2e822b5df9c66b64a
  FirebaseAuth: ebb6abcbabae00fc47446d690c19ce68d8484fde
  FirebaseCore: 85ad466044c2f013cdb167f85d426d15b128114a
  FirebaseDatabase: d829b3a8c3e2ac7a16773c5df226966b0805dfc2
  FirebaseDynamicLinks: ad3bef2e8addfa1490af9db02201429c5c9447dd
  FirebaseInstanceID: 9fbf536668f4d3f0880e7438456dabd1376e294b
  FirebaseMessaging: 227406c05b0dc9290702d2e9f18ab5528f0c2cf2
  FirebaseStorage: 8110a1ed2034c8fbfd83890d2acc9cdbbd99afec
  Gloss: 4e036074610fdb993abcb958ebcd7332588e2333
  GoogleToolboxForMac: 8e329f1b599f2512c6b10676d45736bcc2cbbeb0
  GreedoLayout: b1a1adc6ed5f281353225e3eb21d18cedee8e513
  GTMSessionFetcher: 30d874b96d0d76028f61fbd122801e3f030d47db
  Hero: d3c6f4dd80cdcdbb339be64e57ae3b5c3ab9938c
  Kingfisher: 6729a0baaa458245bfb8cd5a1296c71c10d6eb6c
  PKHUD: 9a3599e04d57676ec14746c40e423a52fb6588c0
  pop: f667631a5108a2e60d9e8797c9b32ddaf2080bce
  Protobuf: d582fecf68201eac3d79ed61369ef45734394b9c
  Realm: 07e5d3a9e0e41d65fd5f9f05150ed6295d0f093b
  RealmSwift: 6d06425d3900c86473c4f323bf6949b43fca22bc
  Result: 4edd39003fdccf281d418ee1b006571f70123250
  RxCocoa: a8a5f1d061d0043e28f56976829f31ce63e8eb09
  RxSwift: 656f8fbeca5bc372121a72d9ebdd3cd3bc0ffade

PODFILE CHECKSUM: 5a2e7e649fe9b502fbe67b95e3db7e6dd51b4444

COCOAPODS: 1.2.1
